
Microsoft Visual Studio Solution File, Format Version 12.00
# Visual Studio Version 16
VisualStudioVersion = 16.0.30011.22
MinimumVisualStudioVersion = 10.0.40219.1
Project("{FAE04EC0-301F-11D3-BF4B-00C04F79EFBC}") = "ModTemplate", "ModTemplate\ModTemplate.csproj", "{BB7B47BB-2230-42B1-B7D8-0BA6930E9C93}"
EndProject
Global
	GlobalSection(SolutionConfigurationPlatforms) = preSolution
		Debug|Any CPU = Debug|Any CPU
		Release|Any CPU = Release|Any CPU
	EndGlobalSection
	GlobalSection(ProjectConfigurationPlatforms) = postSolution
		{BB7B47BB-2230-42B1-B7D8-0BA6930E9C93}.Debug|Any CPU.ActiveCfg = Debug|Any CPU
		{BB7B47BB-2230-42B1-B7D8-0BA6930E9C93}.Debug|Any CPU.Build.0 = Debug|Any CPU
		{BB7B47BB-2230-42B1-B7D8-0BA6930E9C93}.Release|Any CPU.ActiveCfg = Release|Any CPU
		{BB7B47BB-2230-42B1-B7D8-0BA6930E9C93}.Release|Any CPU.Build.0 = Release|Any CPU
	EndGlobalSection
	GlobalSection(SolutionProperties) = preSolution
		HideSolutionNode = FALSE
	EndGlobalSection
	GlobalSection(ExtensibilityGlobals) = postSolution
		SolutionGuid = {E5BA0744-BBA4-4D0D-8059-B0DE10BC4754}
	EndGlobalSection
EndGlobal
